
Microsoft Visual Studio Solution File, Format Version 12.00
# Visual Studio Version 16
VisualStudioVersion = 16.0.30626.31
MinimumVisualStudioVersion = 10.0.40219.1
Project("{9A19103F-16F7-4668-BE54-9A1E7A4F7556}") = "Web.Server", "src\LogisticProcessor.Web\Server\Web.Server.csproj", "{F512C971-283B-43A2-BC36-9F81DD8351E8}"
EndProject
Project("{9A19103F-16F7-4668-BE54-9A1E7A4F7556}") = "Web.Test", "test\LogisticProcessor.Web.Test\Web.Test.csproj", "{968E77C1-63F1-4ECC-A9C4-62926A873E07}"
EndProject
Project("{9A19103F-16F7-4668-BE54-9A1E7A4F7556}") = "Data.Server", "src\LogisticProcessor.Data.Server\Data.Server.csproj", "{94A39A8C-DBD3-42EA-B52B-ECC2D91BCC1D}"
EndProject
Project("{9A19103F-16F7-4668-BE54-9A1E7A4F7556}") = "gRPCService", "src\LogisticProcessor.Data.gRPCService\gRPCService.csproj", "{4344C1A1-0ED3-401D-B4D0-FB59968C4097}"
EndProject
Project("{9A19103F-16F7-4668-BE54-9A1E7A4F7556}") = "Test", "test\LogisticProcessor.Test\Test.csproj", "{6605DB73-D355-414B-8517-12094E7341B2}"
EndProject
Project("{9A19103F-16F7-4668-BE54-9A1E7A4F7556}") = "Web.Client", "src\LogisticProcessor.Web.Client\Client\Web.Client.csproj", "{88CB5EF0-0233-4F31-BE34-6B086ABECB31}"
EndProject
Project("{9A19103F-16F7-4668-BE54-9A1E7A4F7556}") = "Shared", "src\LogisticProcessor.Web.Client\Shared\Shared.csproj", "{D4F44378-AB6A-4C33-9FE6-39DC854F3F50}"
EndProject
Project("{9A19103F-16F7-4668-BE54-9A1E7A4F7556}") = "DataAccess", "LogisticProcessor.DataAccess\DataAccess.csproj", "{4657F47E-3475-45E2-AAC7-9B9DE11BB49C}"
EndProject
Global
	GlobalSection(SolutionConfigurationPlatforms) = preSolution
		Debug|Any CPU = Debug|Any CPU
		Release|Any CPU = Release|Any CPU
	EndGlobalSection
	GlobalSection(ProjectConfigurationPlatforms) = postSolution
		{F512C971-283B-43A2-BC36-9F81DD8351E8}.Debug|Any CPU.ActiveCfg = Debug|Any CPU
		{F512C971-283B-43A2-BC36-9F81DD8351E8}.Debug|Any CPU.Build.0 = Debug|Any CPU
		{F512C971-283B-43A2-BC36-9F81DD8351E8}.Release|Any CPU.ActiveCfg = Release|Any CPU
		{F512C971-283B-43A2-BC36-9F81DD8351E8}.Release|Any CPU.Build.0 = Release|Any CPU
		{968E77C1-63F1-4ECC-A9C4-62926A873E07}.Debug|Any CPU.ActiveCfg = Debug|Any CPU
		{968E77C1-63F1-4ECC-A9C4-62926A873E07}.Debug|Any CPU.Build.0 = Debug|Any CPU
		{968E77C1-63F1-4ECC-A9C4-62926A873E07}.Release|Any CPU.ActiveCfg = Release|Any CPU
		{968E77C1-63F1-4ECC-A9C4-62926A873E07}.Release|Any CPU.Build.0 = Release|Any CPU
		{94A39A8C-DBD3-42EA-B52B-ECC2D91BCC1D}.Debug|Any CPU.ActiveCfg = Debug|Any CPU
		{94A39A8C-DBD3-42EA-B52B-ECC2D91BCC1D}.Debug|Any CPU.Build.0 = Debug|Any CPU
		{94A39A8C-DBD3-42EA-B52B-ECC2D91BCC1D}.Release|Any CPU.ActiveCfg = Release|Any CPU
		{94A39A8C-DBD3-42EA-B52B-ECC2D91BCC1D}.Release|Any CPU.Build.0 = Release|Any CPU
		{4344C1A1-0ED3-401D-B4D0-FB59968C4097}.Debug|Any CPU.ActiveCfg = Debug|Any CPU
		{4344C1A1-0ED3-401D-B4D0-FB59968C4097}.Debug|Any CPU.Build.0 = Debug|Any CPU
		{4344C1A1-0ED3-401D-B4D0-FB59968C4097}.Release|Any CPU.ActiveCfg = Release|Any CPU
		{4344C1A1-0ED3-401D-B4D0-FB59968C4097}.Release|Any CPU.Build.0 = Release|Any CPU
		{6605DB73-D355-414B-8517-12094E7341B2}.Debug|Any CPU.ActiveCfg = Debug|Any CPU
		{6605DB73-D355-414B-8517-12094E7341B2}.Debug|Any CPU.Build.0 = Debug|Any CPU
		{6605DB73-D355-414B-8517-12094E7341B2}.Release|Any CPU.ActiveCfg = Release|Any CPU
		{6605DB73-D355-414B-8517-12094E7341B2}.Release|Any CPU.Build.0 = Release|Any CPU
		{88CB5EF0-0233-4F31-BE34-6B086ABECB31}.Debug|Any CPU.ActiveCfg = Debug|Any CPU
		{88CB5EF0-0233-4F31-BE34-6B086ABECB31}.Debug|Any CPU.Build.0 = Debug|Any CPU
		{88CB5EF0-0233-4F31-BE34-6B086ABECB31}.Release|Any CPU.ActiveCfg = Release|Any CPU
		{88CB5EF0-0233-4F31-BE34-6B086ABECB31}.Release|Any CPU.Build.0 = Release|Any CPU
		{D4F44378-AB6A-4C33-9FE6-39DC854F3F50}.Debug|Any CPU.ActiveCfg = Debug|Any CPU
		{D4F44378-AB6A-4C33-9FE6-39DC854F3F50}.Debug|Any CPU.Build.0 = Debug|Any CPU
		{D4F44378-AB6A-4C33-9FE6-39DC854F3F50}.Release|Any CPU.ActiveCfg = Release|Any CPU
		{D4F44378-AB6A-4C33-9FE6-39DC854F3F50}.Release|Any CPU.Build.0 = Release|Any CPU
		{4657F47E-3475-45E2-AAC7-9B9DE11BB49C}.Debug|Any CPU.ActiveCfg = Debug|Any CPU
		{4657F47E-3475-45E2-AAC7-9B9DE11BB49C}.Debug|Any CPU.Build.0 = Debug|Any CPU
		{4657F47E-3475-45E2-AAC7-9B9DE11BB49C}.Release|Any CPU.ActiveCfg = Release|Any CPU
		{4657F47E-3475-45E2-AAC7-9B9DE11BB49C}.Release|Any CPU.Build.0 = Release|Any CPU
	EndGlobalSection
	GlobalSection(SolutionProperties) = preSolution
		HideSolutionNode = FALSE
	EndGlobalSection
	GlobalSection(ExtensibilityGlobals) = postSolution
		SolutionGuid = {D6ABB838-1989-4515-8A41-AB08C985946D}
	EndGlobalSection
EndGlobal
